
Microsoft Visual Studio Solution File, Format Version 12.00
# Visual Studio Version 16
VisualStudioVersion = 16.0.29806.167
MinimumVisualStudioVersion = 10.0.40219.1
Project("{9A19103F-16F7-4668-BE54-9A1E7A4F7556}") = "TestAzFuncAppInsights", "TestAzFuncAppInsights.csproj", "{96BCA980-1005-47F4-BD83-C14D79240B7F}"
EndProject
Global
	GlobalSection(SolutionConfigurationPlatforms) = preSolution
		Debug|Any CPU = Debug|Any CPU
		Release|Any CPU = Release|Any CPU
	EndGlobalSection
	GlobalSection(ProjectConfigurationPlatforms) = postSolution
		{96BCA980-1005-47F4-BD83-C14D79240B7F}.Debug|Any CPU.ActiveCfg = Debug|Any CPU
		{96BCA980-1005-47F4-BD83-C14D79240B7F}.Debug|Any CPU.Build.0 = Debug|Any CPU
		{96BCA980-1005-47F4-BD83-C14D79240B7F}.Release|Any CPU.ActiveCfg = Release|Any CPU
		{96BCA980-1005-47F4-BD83-C14D79240B7F}.Release|Any CPU.Build.0 = Release|Any CPU
	EndGlobalSection
	GlobalSection(SolutionProperties) = preSolution
		HideSolutionNode = FALSE
	EndGlobalSection
	GlobalSection(ExtensibilityGlobals) = postSolution
		SolutionGuid = {D2684781-771E-47E0-9EA0-0F677F17380B}
	EndGlobalSection
EndGlobal
